// !$*UTF8*$!
{
	archiveVersion = 1;
	classes = {
	};
	objectVersion = 55;
	objects = {

/* Begin PBXBuildFile section */
		0A2887F92871F588000A72F2 /* Alamofire in Frameworks */ = {isa = PBXBuildFile; productRef = 0A2887F82871F588000A72F2 /* Alamofire */; };
		0A2887FE2871F981000A72F2 /* APIClient.swift in Sources */ = {isa = PBXBuildFile; fileRef = 0A2887FD2871F981000A72F2 /* APIClient.swift */; };
		0A2888002871F9F7000A72F2 /* BaseInterceptor.swift in Sources */ = {isa = PBXBuildFile; fileRef = 0A2887FF2871F9F7000A72F2 /* BaseInterceptor.swift */; };
		0A2888022871FBCF000A72F2 /* APILogger.swift in Sources */ = {isa = PBXBuildFile; fileRef = 0A2888012871FBCF000A72F2 /* APILogger.swift */; };
		0A2888042871FCED000A72F2 /* AuthRouter.swift in Sources */ = {isa = PBXBuildFile; fileRef = 0A2888032871FCED000A72F2 /* AuthRouter.swift */; };
		0A2888072872B8A4000A72F2 /* AuthAPIService.swift in Sources */ = {isa = PBXBuildFile; fileRef = 0A2888062872B8A4000A72F2 /* AuthAPIService.swift */; };
		0A2888092872B968000A72F2 /* TokenData.swift in Sources */ = {isa = PBXBuildFile; fileRef = 0A2888082872B968000A72F2 /* TokenData.swift */; };
		0A28880B2872BA23000A72F2 /* AuthResponse.swift in Sources */ = {isa = PBXBuildFile; fileRef = 0A28880A2872BA23000A72F2 /* AuthResponse.swift */; };
		0A28880E2872BB49000A72F2 /* UserViewModel.swift in Sources */ = {isa = PBXBuildFile; fileRef = 0A28880D2872BB49000A72F2 /* UserViewModel.swift */; };
		0AAB372E2867770400A47B24 /* OauthTestApp.swift in Sources */ = {isa = PBXBuildFile; fileRef = 0AAB372D2867770400A47B24 /* OauthTestApp.swift */; };
		0AAB37302867770400A47B24 /* ContentView.swift in Sources */ = {isa = PBXBuildFile; fileRef = 0AAB372F2867770400A47B24 /* ContentView.swift */; };
		0AAB37322867770500A47B24 /* Assets.xcassets in Resources */ = {isa = PBXBuildFile; fileRef = 0AAB37312867770500A47B24 /* Assets.xcassets */; };
		0AAB37352867770500A47B24 /* Preview Assets.xcassets in Resources */ = {isa = PBXBuildFile; fileRef = 0AAB37342867770500A47B24 /* Preview Assets.xcassets */; };
		0AAB373D2867772C00A47B24 /* Alamofire in Frameworks */ = {isa = PBXBuildFile; productRef = 0AAB373C2867772C00A47B24 /* Alamofire */; };
		0AAB375A2868AC3800A47B24 /* LoginView.swift in Sources */ = {isa = PBXBuildFile; fileRef = 0AAB37592868AC3800A47B24 /* LoginView.swift */; };
		0AAB375C2868B9E100A47B24 /* RegisterView.swift in Sources */ = {isa = PBXBuildFile; fileRef = 0AAB375B2868B9E100A47B24 /* RegisterView.swift */; };
		0AAB375E2868BAD900A47B24 /* ProfileView.swift in Sources */ = {isa = PBXBuildFile; fileRef = 0AAB375D2868BAD900A47B24 /* ProfileView.swift */; };
		0AAB37612868BB0A00A47B24 /* UserData.swift in Sources */ = {isa = PBXBuildFile; fileRef = 0AAB37602868BB0A00A47B24 /* UserData.swift */; };
		0AAB37642868C0EB00A47B24 /* OtherUserProfileView.swift in Sources */ = {isa = PBXBuildFile; fileRef = 0AAB37632868C0EB00A47B24 /* OtherUserProfileView.swift */; };
		0AAB37662868C19E00A47B24 /* UserListView.swift in Sources */ = {isa = PBXBuildFile; fileRef = 0AAB37652868C19E00A47B24 /* UserListView.swift */; };
/* End PBXBuildFile section */

/* Begin PBXFileReference section */
		0A2887FD2871F981000A72F2 /* APIClient.swift */ = {isa = PBXFileReference; lastKnownFileType = sourcecode.swift; path = APIClient.swift; sourceTree = "<group>"; };
		0A2887FF2871F9F7000A72F2 /* BaseInterceptor.swift */ = {isa = PBXFileReference; lastKnownFileType = sourcecode.swift; path = BaseInterceptor.swift; sourceTree = "<group>"; };
		0A2888012871FBCF000A72F2 /* APILogger.swift */ = {isa = PBXFileReference; lastKnownFileType = sourcecode.swift; path = APILogger.swift; sourceTree = "<group>"; };
		0A2888032871FCED000A72F2 /* AuthRouter.swift */ = {isa = PBXFileReference; lastKnownFileType = sourcecode.swift; path = AuthRouter.swift; sourceTree = "<group>"; };
		0A2888062872B8A4000A72F2 /* AuthAPIService.swift */ = {isa = PBXFileReference; lastKnownFileType = sourcecode.swift; path = AuthAPIService.swift; sourceTree = "<group>"; };
		0A2888082872B968000A72F2 /* TokenData.swift */ = {isa = PBXFileReference; lastKnownFileType = sourcecode.swift; path = TokenData.swift; sourceTree = "<group>"; };
		0A28880A2872BA23000A72F2 /* AuthResponse.swift */ = {isa = PBXFileReference; lastKnownFileType = sourcecode.swift; path = AuthResponse.swift; sourceTree = "<group>"; };
		0A28880D2872BB49000A72F2 /* UserViewModel.swift */ = {isa = PBXFileReference; lastKnownFileType = sourcecode.swift; path = UserViewModel.swift; sourceTree = "<group>"; };
		0AAB372A2867770400A47B24 /* OauthTest.app */ = {isa = PBXFileReference; explicitFileType = wrapper.application; includeInIndex = 0; path = OauthTest.app; sourceTree = BUILT_PRODUCTS_DIR; };
		0AAB372D2867770400A47B24 /* OauthTestApp.swift */ = {isa = PBXFileReference; lastKnownFileType = sourcecode.swift; path = OauthTestApp.swift; sourceTree = "<group>"; };
		0AAB372F2867770400A47B24 /* ContentView.swift */ = {isa = PBXFileReference; lastKnownFileType = sourcecode.swift; path = ContentView.swift; sourceTree = "<group>"; };
		0AAB37312867770500A47B24 /* Assets.xcassets */ = {isa = PBXFileReference; lastKnownFileType = folder.assetcatalog; path = Assets.xcassets; sourceTree = "<group>"; };
		0AAB37342867770500A47B24 /* Preview Assets.xcassets */ = {isa = PBXFileReference; lastKnownFileType = folder.assetcatalog; path = "Preview Assets.xcassets"; sourceTree = "<group>"; };
		0AAB37592868AC3800A47B24 /* LoginView.swift */ = {isa = PBXFileReference; lastKnownFileType = sourcecode.swift; path = LoginView.swift; sourceTree = "<group>"; };
		0AAB375B2868B9E100A47B24 /* RegisterView.swift */ = {isa = PBXFileReference; lastKnownFileType = sourcecode.swift; path = RegisterView.swift; sourceTree = "<group>"; };
		0AAB375D2868BAD900A47B24 /* ProfileView.swift */ = {isa = PBXFileReference; lastKnownFileType = sourcecode.swift; path = ProfileView.swift; sourceTree = "<group>"; };
		0AAB37602868BB0A00A47B24 /* UserData.swift */ = {isa = PBXFileReference; lastKnownFileType = sourcecode.swift; path = UserData.swift; sourceTree = "<group>"; };
		0AAB37622868BD7B00A47B24 /* Info.plist */ = {isa = PBXFileReference; lastKnownFileType = text.plist; path = Info.plist; sourceTree = "<group>"; };
		0AAB37632868C0EB00A47B24 /* OtherUserProfileView.swift */ = {isa = PBXFileReference; lastKnownFileType = sourcecode.swift; path = OtherUserProfileView.swift; sourceTree = "<group>"; };
		0AAB37652868C19E00A47B24 /* UserListView.swift */ = {isa = PBXFileReference; lastKnownFileType = sourcecode.swift; path = UserListView.swift; sourceTree = "<group>"; };
/* End PBXFileReference section */

/* Begin PBXFrameworksBuildPhase section */
		0AAB37272867770400A47B24 /* Frameworks */ = {
			isa = PBXFrameworksBuildPhase;
			buildActionMask = 2147483647;
			files = (
				0AAB373D2867772C00A47B24 /* Alamofire in Frameworks */,
				0A2887F92871F588000A72F2 /* Alamofire in Frameworks */,
			);
			runOnlyForDeploymentPostprocessing = 0;
		};
/* End PBXFrameworksBuildPhase section */

/* Begin PBXGroup section */
		0A2887FA2871F955000A72F2 /* API */ = {
			isa = PBXGroup;
			children = (
				0A2888052872B893000A72F2 /* Service */,
				0A2887FC2871F96E000A72F2 /* Interceptor */,
				0A2887FB2871F962000A72F2 /* Router */,
			);
			path = API;
			sourceTree = "<group>";
		};
		0A2887FB2871F962000A72F2 /* Router */ = {
			isa = PBXGroup;
			children = (
				0A2888032871FCED000A72F2 /* AuthRouter.swift */,
			);
			path = Router;
			sourceTree = "<group>";
		};
		0A2887FC2871F96E000A72F2 /* Interceptor */ = {
			isa = PBXGroup;
			children = (
				0A2887FF2871F9F7000A72F2 /* BaseInterceptor.swift */,
			);
			path = Interceptor;
			sourceTree = "<group>";
		};
		0A2888052872B893000A72F2 /* Service */ = {
			isa = PBXGroup;
			children = (
				0A2888062872B8A4000A72F2 /* AuthAPIService.swift */,
			);
			path = Service;
			sourceTree = "<group>";
		};
		0A28880C2872BB40000A72F2 /* ViewModel */ = {
			isa = PBXGroup;
			children = (
				0A28880D2872BB49000A72F2 /* UserViewModel.swift */,
			);
			path = ViewModel;
			sourceTree = "<group>";
		};
		0AAB37212867770400A47B24 = {
			isa = PBXGroup;
			children = (
				0AAB372C2867770400A47B24 /* OauthTest */,
				0AAB372B2867770400A47B24 /* Products */,
			);
			sourceTree = "<group>";
		};
		0AAB372B2867770400A47B24 /* Products */ = {
			isa = PBXGroup;
			children = (
				0AAB372A2867770400A47B24 /* OauthTest.app */,
			);
			name = Products;
			sourceTree = "<group>";
		};
		0AAB372C2867770400A47B24 /* OauthTest */ = {
			isa = PBXGroup;
			children = (
				0AAB37622868BD7B00A47B24 /* Info.plist */,
				0AAB372D2867770400A47B24 /* OauthTestApp.swift */,
				0A2887FA2871F955000A72F2 /* API */,
				0A2887FD2871F981000A72F2 /* APIClient.swift */,
				0A2888012871FBCF000A72F2 /* APILogger.swift */,
				0AAB375F2868BAFD00A47B24 /* Model */,
				0AAB37582868AC2800A47B24 /* View */,
				0A28880C2872BB40000A72F2 /* ViewModel */,
				0AAB37312867770500A47B24 /* Assets.xcassets */,
				0AAB37332867770500A47B24 /* Preview Content */,
			);
			path = OauthTest;
			sourceTree = "<group>";
		};
		0AAB37332867770500A47B24 /* Preview Content */ = {
			isa = PBXGroup;
			children = (
				0AAB37342867770500A47B24 /* Preview Assets.xcassets */,
			);
			path = "Preview Content";
			sourceTree = "<group>";
		};
		0AAB37582868AC2800A47B24 /* View */ = {
			isa = PBXGroup;
			children = (
				0AAB372F2867770400A47B24 /* ContentView.swift */,
				0AAB37592868AC3800A47B24 /* LoginView.swift */,
				0AAB375B2868B9E100A47B24 /* RegisterView.swift */,
				0AAB375D2868BAD900A47B24 /* ProfileView.swift */,
				0AAB37632868C0EB00A47B24 /* OtherUserProfileView.swift */,
				0AAB37652868C19E00A47B24 /* UserListView.swift */,
			);
			path = View;
			sourceTree = "<group>";
		};
		0AAB375F2868BAFD00A47B24 /* Model */ = {
			isa = PBXGroup;
			children = (
				0AAB37602868BB0A00A47B24 /* UserData.swift */,
				0A2888082872B968000A72F2 /* TokenData.swift */,
				0A28880A2872BA23000A72F2 /* AuthResponse.swift */,
			);
			path = Model;
			sourceTree = "<group>";
		};
/* End PBXGroup section */

/* Begin PBXNativeTarget section */
		0AAB37292867770400A47B24 /* OauthTest */ = {
			isa = PBXNativeTarget;
			buildConfigurationList = 0AAB37382867770500A47B24 /* Build configuration list for PBXNativeTarget "OauthTest" */;
			buildPhases = (
				0AAB37262867770400A47B24 /* Sources */,
				0AAB37272867770400A47B24 /* Frameworks */,
				0AAB37282867770400A47B24 /* Resources */,
			);
			buildRules = (
			);
			dependencies = (
			);
			name = OauthTest;
			packageProductDependencies = (
				0AAB373C2867772C00A47B24 /* Alamofire */,
				0A2887F82871F588000A72F2 /* Alamofire */,
			);
			productName = OauthTest;
			productReference = 0AAB372A2867770400A47B24 /* OauthTest.app */;
			productType = "com.apple.product-type.application";
		};
/* End PBXNativeTarget section */

/* Begin PBXProject section */
		0AAB37222867770400A47B24 /* Project object */ = {
			isa = PBXProject;
			attributes = {
				BuildIndependentTargetsInParallel = 1;
				LastSwiftUpdateCheck = 1340;
				LastUpgradeCheck = 1340;
				TargetAttributes = {
					0AAB37292867770400A47B24 = {
						CreatedOnToolsVersion = 13.4.1;
					};
				};
			};
			buildConfigurationList = 0AAB37252867770400A47B24 /* Build configuration list for PBXProject "OauthTest" */;
			compatibilityVersion = "Xcode 13.0";
			developmentRegion = en;
			hasScannedForEncodings = 0;
			knownRegions = (
				en,
				Base,
			);
			mainGroup = 0AAB37212867770400A47B24;
			packageReferences = (
				0AAB373B2867772C00A47B24 /* XCRemoteSwiftPackageReference "Alamofire" */,
				0A2887F72871F588000A72F2 /* XCRemoteSwiftPackageReference "Alamofire" */,
			);
			productRefGroup = 0AAB372B2867770400A47B24 /* Products */;
			projectDirPath = "";
			projectRoot = "";
			targets = (
				0AAB37292867770400A47B24 /* OauthTest */,
			);
		};
/* End PBXProject section */

/* Begin PBXResourcesBuildPhase section */
		0AAB37282867770400A47B24 /* Resources */ = {
			isa = PBXResourcesBuildPhase;
			buildActionMask = 2147483647;
			files = (
				0AAB37352867770500A47B24 /* Preview Assets.xcassets in Resources */,
				0AAB37322867770500A47B24 /* Assets.xcassets in Resources */,
			);
			runOnlyForDeploymentPostprocessing = 0;
		};
/* End PBXResourcesBuildPhase section */

/* Begin PBXSourcesBuildPhase section */
		0AAB37262867770400A47B24 /* Sources */ = {
			isa = PBXSourcesBuildPhase;
			buildActionMask = 2147483647;
			files = (
				0A2888072872B8A4000A72F2 /* AuthAPIService.swift in Sources */,
				0AAB37642868C0EB00A47B24 /* OtherUserProfileView.swift in Sources */,
				0AAB37612868BB0A00A47B24 /* UserData.swift in Sources */,
				0AAB375A2868AC3800A47B24 /* LoginView.swift in Sources */,
				0A2888022871FBCF000A72F2 /* APILogger.swift in Sources */,
				0AAB37662868C19E00A47B24 /* UserListView.swift in Sources */,
				0AAB375C2868B9E100A47B24 /* RegisterView.swift in Sources */,
				0AAB375E2868BAD900A47B24 /* ProfileView.swift in Sources */,
				0A2888002871F9F7000A72F2 /* BaseInterceptor.swift in Sources */,
				0A28880E2872BB49000A72F2 /* UserViewModel.swift in Sources */,
				0AAB37302867770400A47B24 /* ContentView.swift in Sources */,
				0AAB372E2867770400A47B24 /* OauthTestApp.swift in Sources */,
				0A2888092872B968000A72F2 /* TokenData.swift in Sources */,
				0A2888042871FCED000A72F2 /* AuthRouter.swift in Sources */,
				0A28880B2872BA23000A72F2 /* AuthResponse.swift in Sources */,
				0A2887FE2871F981000A72F2 /* APIClient.swift in Sources */,
			);
			runOnlyForDeploymentPostprocessing = 0;
		};
/* End PBXSourcesBuildPhase section */

/* Begin XCBuildConfiguration section */
		0AAB37362867770500A47B24 /* Debug */ = {
			isa = XCBuildConfiguration;
			buildSettings = {
				ALWAYS_SEARCH_USER_PATHS = NO;
				CLANG_ANALYZER_NONNULL = YES;
				CLANG_ANALYZER_NUMBER_OBJECT_CONVERSION = YES_AGGRESSIVE;
				CLANG_CXX_LANGUAGE_STANDARD = "gnu++17";
				CLANG_ENABLE_MODULES = YES;
				CLANG_ENABLE_OBJC_ARC = YES;
				CLANG_ENABLE_OBJC_WEAK = YES;
				CLANG_WARN_BLOCK_CAPTURE_AUTORELEASING = YES;
				CLANG_WARN_BOOL_CONVERSION = YES;
				CLANG_WARN_COMMA = YES;
				CLANG_WARN_CONSTANT_CONVERSION = YES;
				CLANG_WARN_DEPRECATED_OBJC_IMPLEMENTATIONS = YES;
				CLANG_WARN_DIRECT_OBJC_ISA_USAGE = YES_ERROR;
				CLANG_WARN_DOCUMENTATION_COMMENTS = YES;
				CLANG_WARN_EMPTY_BODY = YES;
				CLANG_WARN_ENUM_CONVERSION = YES;
				CLANG_WARN_INFINITE_RECURSION = YES;
				CLANG_WARN_INT_CONVERSION = YES;
				CLANG_WARN_NON_LITERAL_NULL_CONVERSION = YES;
				CLANG_WARN_OBJC_IMPLICIT_RETAIN_SELF = YES;
				CLANG_WARN_OBJC_LITERAL_CONVERSION = YES;
				CLANG_WARN_OBJC_ROOT_CLASS = YES_ERROR;
				CLANG_WARN_QUOTED_INCLUDE_IN_FRAMEWORK_HEADER = YES;
				CLANG_WARN_RANGE_LOOP_ANALYSIS = YES;
				CLANG_WARN_STRICT_PROTOTYPES = YES;
				CLANG_WARN_SUSPICIOUS_MOVE = YES;
				CLANG_WARN_UNGUARDED_AVAILABILITY = YES_AGGRESSIVE;
				CLANG_WARN_UNREACHABLE_CODE = YES;
				CLANG_WARN__DUPLICATE_METHOD_MATCH = YES;
				COPY_PHASE_STRIP = NO;
				DEBUG_INFORMATION_FORMAT = dwarf;
				ENABLE_STRICT_OBJC_MSGSEND = YES;
				ENABLE_TESTABILITY = YES;
				GCC_C_LANGUAGE_STANDARD = gnu11;
				GCC_DYNAMIC_NO_PIC = NO;
				GCC_NO_COMMON_BLOCKS = YES;
				GCC_OPTIMIZATION_LEVEL = 0;
				GCC_PREPROCESSOR_DEFINITIONS = (
					"DEBUG=1",
					"$(inherited)",
				);
				GCC_WARN_64_TO_32_BIT_CONVERSION = YES;
				GCC_WARN_ABOUT_RETURN_TYPE = YES_ERROR;
				GCC_WARN_UNDECLARED_SELECTOR = YES;
				GCC_WARN_UNINITIALIZED_AUTOS = YES_AGGRESSIVE;
				GCC_WARN_UNUSED_FUNCTION = YES;
				GCC_WARN_UNUSED_VARIABLE = YES;
				IPHONEOS_DEPLOYMENT_TARGET = 15.5;
				MTL_ENABLE_DEBUG_INFO = INCLUDE_SOURCE;
				MTL_FAST_MATH = YES;
				ONLY_ACTIVE_ARCH = YES;
				SDKROOT = iphoneos;
				SWIFT_ACTIVE_COMPILATION_CONDITIONS = DEBUG;
				SWIFT_OPTIMIZATION_LEVEL = "-Onone";
			};
			name = Debug;
		};
		0AAB37372867770500A47B24 /* Release */ = {
			isa = XCBuildConfiguration;
			buildSettings = {
				ALWAYS_SEARCH_USER_PATHS = NO;
				CLANG_ANALYZER_NONNULL = YES;
				CLANG_ANALYZER_NUMBER_OBJECT_CONVERSION = YES_AGGRESSIVE;
				CLANG_CXX_LANGUAGE_STANDARD = "gnu++17";
				CLANG_ENABLE_MODULES = YES;
				CLANG_ENABLE_OBJC_ARC = YES;
				CLANG_ENABLE_OBJC_WEAK = YES;
				CLANG_WARN_BLOCK_CAPTURE_AUTORELEASING = YES;
				CLANG_WARN_BOOL_CONVERSION = YES;
				CLANG_WARN_COMMA = YES;
				CLANG_WARN_CONSTANT_CONVERSION = YES;
				CLANG_WARN_DEPRECATED_OBJC_IMPLEMENTATIONS = YES;
				CLANG_WARN_DIRECT_OBJC_ISA_USAGE = YES_ERROR;
				CLANG_WARN_DOCUMENTATION_COMMENTS = YES;
				CLANG_WARN_EMPTY_BODY = YES;
				CLANG_WARN_ENUM_CONVERSION = YES;
				CLANG_WARN_INFINITE_RECURSION = YES;
				CLANG_WARN_INT_CONVERSION = YES;
				CLANG_WARN_NON_LITERAL_NULL_CONVERSION = YES;
				CLANG_WARN_OBJC_IMPLICIT_RETAIN_SELF = YES;
				CLANG_WARN_OBJC_LITERAL_CONVERSION = YES;
				CLANG_WARN_OBJC_ROOT_CLASS = YES_ERROR;
				CLANG_WARN_QUOTED_INCLUDE_IN_FRAMEWORK_HEADER = YES;
				CLANG_WARN_RANGE_LOOP_ANALYSIS = YES;
				CLANG_WARN_STRICT_PROTOTYPES = YES;
				CLANG_WARN_SUSPICIOUS_MOVE = YES;
				CLANG_WARN_UNGUARDED_AVAILABILITY = YES_AGGRESSIVE;
				CLANG_WARN_UNREACHABLE_CODE = YES;
				CLANG_WARN__DUPLICATE_METHOD_MATCH = YES;
				COPY_PHASE_STRIP = NO;
				DEBUG_INFORMATION_FORMAT = "dwarf-with-dsym";
				ENABLE_NS_ASSERTIONS = NO;
				ENABLE_STRICT_OBJC_MSGSEND = YES;
				GCC_C_LANGUAGE_STANDARD = gnu11;
				GCC_NO_COMMON_BLOCKS = YES;
				GCC_WARN_64_TO_32_BIT_CONVERSION = YES;
				GCC_WARN_ABOUT_RETURN_TYPE = YES_ERROR;
				GCC_WARN_UNDECLARED_SELECTOR = YES;
				GCC_WARN_UNINITIALIZED_AUTOS = YES_AGGRESSIVE;
				GCC_WARN_UNUSED_FUNCTION = YES;
				GCC_WARN_UNUSED_VARIABLE = YES;
				IPHONEOS_DEPLOYMENT_TARGET = 15.5;
				MTL_ENABLE_DEBUG_INFO = NO;
				MTL_FAST_MATH = YES;
				SDKROOT = iphoneos;
				SWIFT_COMPILATION_MODE = wholemodule;
				SWIFT_OPTIMIZATION_LEVEL = "-O";
				VALIDATE_PRODUCT = YES;
			};
			name = Release;
		};
		0AAB37392867770500A47B24 /* Debug */ = {
			isa = XCBuildConfiguration;
			buildSettings = {
				ASSETCATALOG_COMPILER_APPICON_NAME = AppIcon;
				ASSETCATALOG_COMPILER_GLOBAL_ACCENT_COLOR_NAME = AccentColor;
				CODE_SIGN_STYLE = Automatic;
				CURRENT_PROJECT_VERSION = 1;
				DEVELOPMENT_ASSET_PATHS = "\"OauthTest/Preview Content\"";
				DEVELOPMENT_TEAM = B4G53F63TN;
				ENABLE_PREVIEWS = YES;
				GENERATE_INFOPLIST_FILE = YES;
				INFOPLIST_FILE = OauthTest/Info.plist;
				INFOPLIST_KEY_UIApplicationSceneManifest_Generation = YES;
				INFOPLIST_KEY_UIApplicationSupportsIndirectInputEvents = YES;
				INFOPLIST_KEY_UILaunchScreen_Generation = YES;
				INFOPLIST_KEY_UISupportedInterfaceOrientations_iPad = "UIInterfaceOrientationPortrait UIInterfaceOrientationPortraitUpsideDown UIInterfaceOrientationLandscapeLeft UIInterfaceOrientationLandscapeRight";
				INFOPLIST_KEY_UISupportedInterfaceOrientations_iPhone = "UIInterfaceOrientationPortrait UIInterfaceOrientationLandscapeLeft UIInterfaceOrientationLandscapeRight";
				IPHONEOS_DEPLOYMENT_TARGET = 15.0;
				LD_RUNPATH_SEARCH_PATHS = (
					"$(inherited)",
					"@executable_path/Frameworks",
				);
				MARKETING_VERSION = 1.0;
				PRODUCT_BUNDLE_IDENTIFIER = com.yj.OauthTest;
				PRODUCT_NAME = "$(TARGET_NAME)";
				SWIFT_EMIT_LOC_STRINGS = YES;
				SWIFT_VERSION = 5.0;
				TARGETED_DEVICE_FAMILY = "1,2";
			};
			name = Debug;
		};
		0AAB373A2867770500A47B24 /* Release */ = {
			isa = XCBuildConfiguration;
			buildSettings = {
				ASSETCATALOG_COMPILER_APPICON_NAME = AppIcon;
				ASSETCATALOG_COMPILER_GLOBAL_ACCENT_COLOR_NAME = AccentColor;
				CODE_SIGN_STYLE = Automatic;
				CURRENT_PROJECT_VERSION = 1;
				DEVELOPMENT_ASSET_PATHS = "\"OauthTest/Preview Content\"";
				DEVELOPMENT_TEAM = B4G53F63TN;
				ENABLE_PREVIEWS = YES;
				GENERATE_INFOPLIST_FILE = YES;
				INFOPLIST_FILE = OauthTest/Info.plist;
				INFOPLIST_KEY_UIApplicationSceneManifest_Generation = YES;
				INFOPLIST_KEY_UIApplicationSupportsIndirectInputEvents = YES;
				INFOPLIST_KEY_UILaunchScreen_Generation = YES;
				INFOPLIST_KEY_UISupportedInterfaceOrientations_iPad = "UIInterfaceOrientationPortrait UIInterfaceOrientationPortraitUpsideDown UIInterfaceOrientationLandscapeLeft UIInterfaceOrientationLandscapeRight";
				INFOPLIST_KEY_UISupportedInterfaceOrientations_iPhone = "UIInterfaceOrientationPortrait UIInterfaceOrientationLandscapeLeft UIInterfaceOrientationLandscapeRight";
				IPHONEOS_DEPLOYMENT_TARGET = 15.0;
				LD_RUNPATH_SEARCH_PATHS = (
					"$(inherited)",
					"@executable_path/Frameworks",
				);
				MARKETING_VERSION = 1.0;
				PRODUCT_BUNDLE_IDENTIFIER = com.yj.OauthTest;
				PRODUCT_NAME = "$(TARGET_NAME)";
				SWIFT_EMIT_LOC_STRINGS = YES;
				SWIFT_VERSION = 5.0;
				TARGETED_DEVICE_FAMILY = "1,2";
			};
			name = Release;
		};
/* End XCBuildConfiguration section */

/* Begin XCConfigurationList section */
		0AAB37252867770400A47B24 /* Build configuration list for PBXProject "OauthTest" */ = {
			isa = XCConfigurationList;
			buildConfigurations = (
				0AAB37362867770500A47B24 /* Debug */,
				0AAB37372867770500A47B24 /* Release */,
			);
			defaultConfigurationIsVisible = 0;
			defaultConfigurationName = Release;
		};
		0AAB37382867770500A47B24 /* Build configuration list for PBXNativeTarget "OauthTest" */ = {
			isa = XCConfigurationList;
			buildConfigurations = (
				0AAB37392867770500A47B24 /* Debug */,
				0AAB373A2867770500A47B24 /* Release */,
			);
			defaultConfigurationIsVisible = 0;
			defaultConfigurationName = Release;
		};
/* End XCConfigurationList section */

/* Begin XCRemoteSwiftPackageReference section */
		0A2887F72871F588000A72F2 /* XCRemoteSwiftPackageReference "Alamofire" */ = {
			isa = XCRemoteSwiftPackageReference;
			repositoryURL = "https://github.com/Alamofire/Alamofire.git";
			requirement = {
				kind = upToNextMajorVersion;
				minimumVersion = 5.0.0;
			};
		};
		0AAB373B2867772C00A47B24 /* XCRemoteSwiftPackageReference "Alamofire" */ = {
			isa = XCRemoteSwiftPackageReference;
			repositoryURL = "https://github.com/Alamofire/Alamofire.git";
			requirement = {
				branch = master;
				kind = branch;
			};
		};
/* End XCRemoteSwiftPackageReference section */

/* Begin XCSwiftPackageProductDependency section */
		0A2887F82871F588000A72F2 /* Alamofire */ = {
			isa = XCSwiftPackageProductDependency;
			package = 0A2887F72871F588000A72F2 /* XCRemoteSwiftPackageReference "Alamofire" */;
			productName = Alamofire;
		};
		0AAB373C2867772C00A47B24 /* Alamofire */ = {
			isa = XCSwiftPackageProductDependency;
			package = 0AAB373B2867772C00A47B24 /* XCRemoteSwiftPackageReference "Alamofire" */;
			productName = Alamofire;
		};
/* End XCSwiftPackageProductDependency section */
	};
	rootObject = 0AAB37222867770400A47B24 /* Project object */;
}
